
Microsoft Visual Studio Solution File, Format Version 12.00
# Visual Studio Version 17
VisualStudioVersion = 17.11.35222.181
MinimumVisualStudioVersion = 10.0.40219.1
Project("{FAE04EC0-301F-11D3-BF4B-00C04F79EFBC}") = "Poem", "Poem\Poem.csproj", "{38CD9003-4796-4A5F-9237-3E2E926B1782}"
EndProject
Global
	GlobalSection(SolutionConfigurationPlatforms) = preSolution
		Debug|Any CPU = Debug|Any CPU
		Release|Any CPU = Release|Any CPU
	EndGlobalSection
	GlobalSection(ProjectConfigurationPlatforms) = postSolution
		{38CD9003-4796-4A5F-9237-3E2E926B1782}.Debug|Any CPU.ActiveCfg = Debug|Any CPU
		{38CD9003-4796-4A5F-9237-3E2E926B1782}.Debug|Any CPU.Build.0 = Debug|Any CPU
		{38CD9003-4796-4A5F-9237-3E2E926B1782}.Release|Any CPU.ActiveCfg = Release|Any CPU
		{38CD9003-4796-4A5F-9237-3E2E926B1782}.Release|Any CPU.Build.0 = Release|Any CPU
	EndGlobalSection
	GlobalSection(SolutionProperties) = preSolution
		HideSolutionNode = FALSE
	EndGlobalSection
	GlobalSection(ExtensibilityGlobals) = postSolution
		SolutionGuid = {8B118B88-611E-48F4-BAC5-B5C68567DE3E}
	EndGlobalSection
EndGlobal
