
Microsoft Visual Studio Solution File, Format Version 12.00
# Visual Studio Version 17
VisualStudioVersion = 17.11.35222.181
MinimumVisualStudioVersion = 10.0.40219.1
Project("{9A19103F-16F7-4668-BE54-9A1E7A4F7556}") = "StudentManagerV1", "StudentManagerV1\StudentManagerV1.csproj", "{0767F6E8-168E-4DD2-981A-6FE56276E456}"
EndProject
Project("{9A19103F-16F7-4668-BE54-9A1E7A4F7556}") = "StudentManagerV2MultipleConstructors", "StudentManagerV2MultipleConstructors\StudentManagerV2MultipleConstructors.csproj", "{1CD618FE-1133-459E-8604-D25913671E80}"
EndProject
Project("{9A19103F-16F7-4668-BE54-9A1E7A4F7556}") = "StudentManagerV3EmptyConstructor", "StudentManagerV3EmptyConstructor\StudentManagerV3EmptyConstructor.csproj", "{1278AE16-50EF-4471-923A-28EFCE1AD7DA}"
EndProject
Project("{9A19103F-16F7-4668-BE54-9A1E7A4F7556}") = "StudentManagerV4EmptyConstructor", "StudentManagerV4EmptyConstructor\StudentManagerV4EmptyConstructor.csproj", "{E558E8D4-85BF-42F2-9C38-91DF657AAC92}"
EndProject
Project("{9A19103F-16F7-4668-BE54-9A1E7A4F7556}") = "StudentManagerV5MultipleConstructors", "StudentManagerV5MultipleConstructors\StudentManagerV5MultipleConstructors.csproj", "{16AC1341-7E6A-4B28-83BD-A905E406F3FB}"
EndProject
Project("{9A19103F-16F7-4668-BE54-9A1E7A4F7556}") = "StudentManagerV6Property", "StudentManagerV6Property\StudentManagerV6Property.csproj", "{DE06BE0B-9BCD-46F3-A4AE-41A3B444BB93}"
EndProject
Project("{9A19103F-16F7-4668-BE54-9A1E7A4F7556}") = "StudentManagerV7Encapsulation", "StudentManagerV7Encapsulation\StudentManagerV7Encapsulation.csproj", "{DEFE3A84-823B-4BDE-8333-D039A90F4D9C}"
EndProject
Project("{9A19103F-16F7-4668-BE54-9A1E7A4F7556}") = "StudentManagerV8PropertyHybird", "StudentManagerV8PropertyHybird\StudentManagerV8PropertyHybird.csproj", "{827AFE9E-94F8-426D-A496-A569A3408D6F}"
EndProject
Project("{FAE04EC0-301F-11D3-BF4B-00C04F79EFBC}") = "StudentManagerV9Property", "StudentManagerV9Property\StudentManagerV9Property.csproj", "{672828A8-D259-46BF-AC6D-9B9E43C26DEA}"
EndProject
Project("{FAE04EC0-301F-11D3-BF4B-00C04F79EFBC}") = "StudentManagerV10PropertyHotkey", "StudentManagerV10PropertyHotkey\StudentManagerV10PropertyHotkey.csproj", "{6CC97427-C21A-4F57-A9CB-0AAA2F63E551}"
EndProject
Project("{FAE04EC0-301F-11D3-BF4B-00C04F79EFBC}") = "StudentManagerV12PropertyAutoBacking", "StudentManagerV12PropertyAutoBacking\StudentManagerV12PropertyAutoBacking.csproj", "{A9C93F40-869D-4740-A76A-3485B34C0B90}"
EndProject
Project("{FAE04EC0-301F-11D3-BF4B-00C04F79EFBC}") = "StudentManagerVFinalFantansy", "StudentManagerVFinalFantansy\StudentManagerVFinalFantansy.csproj", "{9E277B23-97EA-4D1B-8EBB-EAB4D6469A56}"
EndProject
Global
	GlobalSection(SolutionConfigurationPlatforms) = preSolution
		Debug|Any CPU = Debug|Any CPU
		Release|Any CPU = Release|Any CPU
	EndGlobalSection
	GlobalSection(ProjectConfigurationPlatforms) = postSolution
		{0767F6E8-168E-4DD2-981A-6FE56276E456}.Debug|Any CPU.ActiveCfg = Debug|Any CPU
		{0767F6E8-168E-4DD2-981A-6FE56276E456}.Debug|Any CPU.Build.0 = Debug|Any CPU
		{0767F6E8-168E-4DD2-981A-6FE56276E456}.Release|Any CPU.ActiveCfg = Release|Any CPU
		{0767F6E8-168E-4DD2-981A-6FE56276E456}.Release|Any CPU.Build.0 = Release|Any CPU
		{1CD618FE-1133-459E-8604-D25913671E80}.Debug|Any CPU.ActiveCfg = Debug|Any CPU
		{1CD618FE-1133-459E-8604-D25913671E80}.Debug|Any CPU.Build.0 = Debug|Any CPU
		{1CD618FE-1133-459E-8604-D25913671E80}.Release|Any CPU.ActiveCfg = Release|Any CPU
		{1CD618FE-1133-459E-8604-D25913671E80}.Release|Any CPU.Build.0 = Release|Any CPU
		{1278AE16-50EF-4471-923A-28EFCE1AD7DA}.Debug|Any CPU.ActiveCfg = Debug|Any CPU
		{1278AE16-50EF-4471-923A-28EFCE1AD7DA}.Debug|Any CPU.Build.0 = Debug|Any CPU
		{1278AE16-50EF-4471-923A-28EFCE1AD7DA}.Release|Any CPU.ActiveCfg = Release|Any CPU
		{1278AE16-50EF-4471-923A-28EFCE1AD7DA}.Release|Any CPU.Build.0 = Release|Any CPU
		{E558E8D4-85BF-42F2-9C38-91DF657AAC92}.Debug|Any CPU.ActiveCfg = Debug|Any CPU
		{E558E8D4-85BF-42F2-9C38-91DF657AAC92}.Debug|Any CPU.Build.0 = Debug|Any CPU
		{E558E8D4-85BF-42F2-9C38-91DF657AAC92}.Release|Any CPU.ActiveCfg = Release|Any CPU
		{E558E8D4-85BF-42F2-9C38-91DF657AAC92}.Release|Any CPU.Build.0 = Release|Any CPU
		{16AC1341-7E6A-4B28-83BD-A905E406F3FB}.Debug|Any CPU.ActiveCfg = Debug|Any CPU
		{16AC1341-7E6A-4B28-83BD-A905E406F3FB}.Debug|Any CPU.Build.0 = Debug|Any CPU
		{16AC1341-7E6A-4B28-83BD-A905E406F3FB}.Release|Any CPU.ActiveCfg = Release|Any CPU
		{16AC1341-7E6A-4B28-83BD-A905E406F3FB}.Release|Any CPU.Build.0 = Release|Any CPU
		{DE06BE0B-9BCD-46F3-A4AE-41A3B444BB93}.Debug|Any CPU.ActiveCfg = Debug|Any CPU
		{DE06BE0B-9BCD-46F3-A4AE-41A3B444BB93}.Debug|Any CPU.Build.0 = Debug|Any CPU
		{DE06BE0B-9BCD-46F3-A4AE-41A3B444BB93}.Release|Any CPU.ActiveCfg = Release|Any CPU
		{DE06BE0B-9BCD-46F3-A4AE-41A3B444BB93}.Release|Any CPU.Build.0 = Release|Any CPU
		{DEFE3A84-823B-4BDE-8333-D039A90F4D9C}.Debug|Any CPU.ActiveCfg = Debug|Any CPU
		{DEFE3A84-823B-4BDE-8333-D039A90F4D9C}.Debug|Any CPU.Build.0 = Debug|Any CPU
		{DEFE3A84-823B-4BDE-8333-D039A90F4D9C}.Release|Any CPU.ActiveCfg = Release|Any CPU
		{DEFE3A84-823B-4BDE-8333-D039A90F4D9C}.Release|Any CPU.Build.0 = Release|Any CPU
		{827AFE9E-94F8-426D-A496-A569A3408D6F}.Debug|Any CPU.ActiveCfg = Debug|Any CPU
		{827AFE9E-94F8-426D-A496-A569A3408D6F}.Debug|Any CPU.Build.0 = Debug|Any CPU
		{827AFE9E-94F8-426D-A496-A569A3408D6F}.Release|Any CPU.ActiveCfg = Release|Any CPU
		{827AFE9E-94F8-426D-A496-A569A3408D6F}.Release|Any CPU.Build.0 = Release|Any CPU
		{672828A8-D259-46BF-AC6D-9B9E43C26DEA}.Debug|Any CPU.ActiveCfg = Debug|Any CPU
		{672828A8-D259-46BF-AC6D-9B9E43C26DEA}.Debug|Any CPU.Build.0 = Debug|Any CPU
		{672828A8-D259-46BF-AC6D-9B9E43C26DEA}.Release|Any CPU.ActiveCfg = Release|Any CPU
		{672828A8-D259-46BF-AC6D-9B9E43C26DEA}.Release|Any CPU.Build.0 = Release|Any CPU
		{6CC97427-C21A-4F57-A9CB-0AAA2F63E551}.Debug|Any CPU.ActiveCfg = Debug|Any CPU
		{6CC97427-C21A-4F57-A9CB-0AAA2F63E551}.Debug|Any CPU.Build.0 = Debug|Any CPU
		{6CC97427-C21A-4F57-A9CB-0AAA2F63E551}.Release|Any CPU.ActiveCfg = Release|Any CPU
		{6CC97427-C21A-4F57-A9CB-0AAA2F63E551}.Release|Any CPU.Build.0 = Release|Any CPU
		{A9C93F40-869D-4740-A76A-3485B34C0B90}.Debug|Any CPU.ActiveCfg = Debug|Any CPU
		{A9C93F40-869D-4740-A76A-3485B34C0B90}.Debug|Any CPU.Build.0 = Debug|Any CPU
		{A9C93F40-869D-4740-A76A-3485B34C0B90}.Release|Any CPU.ActiveCfg = Release|Any CPU
		{A9C93F40-869D-4740-A76A-3485B34C0B90}.Release|Any CPU.Build.0 = Release|Any CPU
		{9E277B23-97EA-4D1B-8EBB-EAB4D6469A56}.Debug|Any CPU.ActiveCfg = Debug|Any CPU
		{9E277B23-97EA-4D1B-8EBB-EAB4D6469A56}.Debug|Any CPU.Build.0 = Debug|Any CPU
		{9E277B23-97EA-4D1B-8EBB-EAB4D6469A56}.Release|Any CPU.ActiveCfg = Release|Any CPU
		{9E277B23-97EA-4D1B-8EBB-EAB4D6469A56}.Release|Any CPU.Build.0 = Release|Any CPU
	EndGlobalSection
	GlobalSection(SolutionProperties) = preSolution
		HideSolutionNode = FALSE
	EndGlobalSection
	GlobalSection(ExtensibilityGlobals) = postSolution
		SolutionGuid = {27C7B4FF-EB29-4842-A2D9-AF8D855E1C35}
	EndGlobalSection
EndGlobal
