
Microsoft Visual Studio Solution File, Format Version 12.00
# Visual Studio Version 17
VisualStudioVersion = 17.11.35222.181
MinimumVisualStudioVersion = 10.0.40219.1
Project("{9A19103F-16F7-4668-BE54-9A1E7A4F7556}") = "Output", "Output\Output.csproj", "{C35F8D0B-1C9D-4990-A18A-C830C5A0EC3E}"
EndProject
Project("{9A19103F-16F7-4668-BE54-9A1E7A4F7556}") = "Variables", "Variables\Variables.csproj", "{3AD6C84F-7252-4FCD-9D31-C65BDD8A003F}"
EndProject
Project("{FAE04EC0-301F-11D3-BF4B-00C04F79EFBC}") = "MyApplication", "MyApplication\MyApplication.csproj", "{9DEB4844-52DE-4240-87E5-98D5DB2706F9}"
EndProject
Global
	GlobalSection(SolutionConfigurationPlatforms) = preSolution
		Debug|Any CPU = Debug|Any CPU
		Release|Any CPU = Release|Any CPU
	EndGlobalSection
	GlobalSection(ProjectConfigurationPlatforms) = postSolution
		{C35F8D0B-1C9D-4990-A18A-C830C5A0EC3E}.Debug|Any CPU.ActiveCfg = Debug|Any CPU
		{C35F8D0B-1C9D-4990-A18A-C830C5A0EC3E}.Debug|Any CPU.Build.0 = Debug|Any CPU
		{C35F8D0B-1C9D-4990-A18A-C830C5A0EC3E}.Release|Any CPU.ActiveCfg = Release|Any CPU
		{C35F8D0B-1C9D-4990-A18A-C830C5A0EC3E}.Release|Any CPU.Build.0 = Release|Any CPU
		{3AD6C84F-7252-4FCD-9D31-C65BDD8A003F}.Debug|Any CPU.ActiveCfg = Debug|Any CPU
		{3AD6C84F-7252-4FCD-9D31-C65BDD8A003F}.Debug|Any CPU.Build.0 = Debug|Any CPU
		{3AD6C84F-7252-4FCD-9D31-C65BDD8A003F}.Release|Any CPU.ActiveCfg = Release|Any CPU
		{3AD6C84F-7252-4FCD-9D31-C65BDD8A003F}.Release|Any CPU.Build.0 = Release|Any CPU
		{9DEB4844-52DE-4240-87E5-98D5DB2706F9}.Debug|Any CPU.ActiveCfg = Debug|Any CPU
		{9DEB4844-52DE-4240-87E5-98D5DB2706F9}.Debug|Any CPU.Build.0 = Debug|Any CPU
		{9DEB4844-52DE-4240-87E5-98D5DB2706F9}.Release|Any CPU.ActiveCfg = Release|Any CPU
		{9DEB4844-52DE-4240-87E5-98D5DB2706F9}.Release|Any CPU.Build.0 = Release|Any CPU
	EndGlobalSection
	GlobalSection(SolutionProperties) = preSolution
		HideSolutionNode = FALSE
	EndGlobalSection
	GlobalSection(ExtensibilityGlobals) = postSolution
		SolutionGuid = {EEE4F747-DC0A-4886-9C67-574CF9BFE3AB}
	EndGlobalSection
EndGlobal
